{
  "name": "sample-http",
  "version": "0.0.1",
  "lockfileVersion": 1,
  "requires": true,
  "dependencies": {
    "pi": {
      "version": "2.0.3",
      "resolved": "https://registry.npmjs.org/pi/-/pi-2.0.3.tgz",
      "integrity": "sha512-SCs0rwxk2rUJ7CDyrDF+L5w7XWAqk4jC43p+mVu2bpMLY0mMTMPytmUhwiY1S7Ccecm6oAw8taOXRHanjauLDQ==",
      "requires": {
        "pi-decimals": "^2.0.0"
      }
    },
    "pi-decimals": {
      "version": "2.0.2",
      "resolved": "https://registry.npmjs.org/pi-decimals/-/pi-decimals-2.0.2.tgz",
      "integrity": "sha512-0WGcVWdfww2FFpgtmFPuknUszcvN6qpZA4ECxuaqeyj/OpX6vgQMIBMasuTeyES7KxjlJxkR7mopvf7cHIJoAA=="
    }
  }
}
